
Microsoft Visual Studio Solution File, Format Version 12.00
# Visual Studio Version 17
VisualStudioVersion = 17.10.34916.146
MinimumVisualStudioVersion = 10.0.40219.1
Project("{FAE04EC0-301F-11D3-BF4B-00C04F79EFBC}") = "MediaPlayer", "MediaPlayer\MediaPlayer.csproj", "{555D1586-8675-4A3E-9205-CF7A1968E6D6}"
EndProject
Global
	GlobalSection(SolutionConfigurationPlatforms) = preSolution
		Debug|Any CPU = Debug|Any CPU
		Release|Any CPU = Release|Any CPU
	EndGlobalSection
	GlobalSection(ProjectConfigurationPlatforms) = postSolution
		{555D1586-8675-4A3E-9205-CF7A1968E6D6}.Debug|Any CPU.ActiveCfg = Debug|Any CPU
		{555D1586-8675-4A3E-9205-CF7A1968E6D6}.Debug|Any CPU.Build.0 = Debug|Any CPU
		{555D1586-8675-4A3E-9205-CF7A1968E6D6}.Release|Any CPU.ActiveCfg = Release|Any CPU
		{555D1586-8675-4A3E-9205-CF7A1968E6D6}.Release|Any CPU.Build.0 = Release|Any CPU
	EndGlobalSection
	GlobalSection(SolutionProperties) = preSolution
		HideSolutionNode = FALSE
	EndGlobalSection
	GlobalSection(ExtensibilityGlobals) = postSolution
		SolutionGuid = {1693C4F3-57A1-45C8-B560-A3C8EAD3B46A}
	EndGlobalSection
EndGlobal
